
Microsoft Visual Studio Solution File, Format Version 12.00
# Visual Studio Version 17
VisualStudioVersion = 17.13.35825.156 d17.13
MinimumVisualStudioVersion = 10.0.40219.1
Project("{FAE04EC0-301F-11D3-BF4B-00C04F79EFBC}") = "KayraCQRSMediator", "KayraCQRSMediator\KayraCQRSMediator.csproj", "{D0F78BC9-B051-4F89-8F9E-370FDD5EA89D}"
EndProject
Global
	GlobalSection(SolutionConfigurationPlatforms) = preSolution
		Debug|Any CPU = Debug|Any CPU
		Release|Any CPU = Release|Any CPU
	EndGlobalSection
	GlobalSection(ProjectConfigurationPlatforms) = postSolution
		{D0F78BC9-B051-4F89-8F9E-370FDD5EA89D}.Debug|Any CPU.ActiveCfg = Debug|Any CPU
		{D0F78BC9-B051-4F89-8F9E-370FDD5EA89D}.Debug|Any CPU.Build.0 = Debug|Any CPU
		{D0F78BC9-B051-4F89-8F9E-370FDD5EA89D}.Release|Any CPU.ActiveCfg = Release|Any CPU
		{D0F78BC9-B051-4F89-8F9E-370FDD5EA89D}.Release|Any CPU.Build.0 = Release|Any CPU
	EndGlobalSection
	GlobalSection(SolutionProperties) = preSolution
		HideSolutionNode = FALSE
	EndGlobalSection
	GlobalSection(ExtensibilityGlobals) = postSolution
		SolutionGuid = {D789247E-6168-484D-9E05-2E2FAC3C179A}
	EndGlobalSection
EndGlobal
